
Microsoft Visual Studio Solution File, Format Version 12.00
# Visual Studio Version 17
VisualStudioVersion = 17.4.33205.214
MinimumVisualStudioVersion = 10.0.40219.1
Project("{FAE04EC0-301F-11D3-BF4B-00C04F79EFBC}") = "OneonOne_minimal", "OneonOne_minimal\OneonOne_minimal.csproj", "{BD9FCAA1-C2A3-470B-8681-712EE2A5D690}"
EndProject
Global
	GlobalSection(SolutionConfigurationPlatforms) = preSolution
		Debug|Any CPU = Debug|Any CPU
		Release|Any CPU = Release|Any CPU
	EndGlobalSection
	GlobalSection(ProjectConfigurationPlatforms) = postSolution
		{BD9FCAA1-C2A3-470B-8681-712EE2A5D690}.Debug|Any CPU.ActiveCfg = Debug|Any CPU
		{BD9FCAA1-C2A3-470B-8681-712EE2A5D690}.Debug|Any CPU.Build.0 = Debug|Any CPU
		{BD9FCAA1-C2A3-470B-8681-712EE2A5D690}.Release|Any CPU.ActiveCfg = Release|Any CPU
		{BD9FCAA1-C2A3-470B-8681-712EE2A5D690}.Release|Any CPU.Build.0 = Release|Any CPU
	EndGlobalSection
	GlobalSection(SolutionProperties) = preSolution
		HideSolutionNode = FALSE
	EndGlobalSection
	GlobalSection(ExtensibilityGlobals) = postSolution
		SolutionGuid = {48111C92-92E1-4606-B5EB-ABDE2E18458F}
	EndGlobalSection
EndGlobal
